
Microsoft Visual Studio Solution File, Format Version 12.00
# Visual Studio Version 16
VisualStudioVersion = 16.0.30907.101
MinimumVisualStudioVersion = 10.0.40219.1
Project("{2150E333-8FDC-42A3-9474-1A3956D46DE8}") = "Net", "Net", "{2839EB02-72EB-4126-9B34-9A6CD6DAFE5B}"
EndProject
Project("{2150E333-8FDC-42A3-9474-1A3956D46DE8}") = "Core", "Core", "{7BD26BBC-5C5C-4B2D-B979-8318808DC25E}"
EndProject
Project("{FAE04EC0-301F-11D3-BF4B-00C04F79EFBC}") = "BeeWeb.Utility", "Common\BeeWeb.Utility\BeeWeb.Utility.csproj", "{3E8B35DB-791C-48B5-A6A2-4E6F99F317F4}"
EndProject
Project("{2150E333-8FDC-42A3-9474-1A3956D46DE8}") = "Common", "Common", "{C6548504-F19F-4E89-BEBD-14898D40C382}"
EndProject
Global
	GlobalSection(SolutionConfigurationPlatforms) = preSolution
		Debug|Any CPU = Debug|Any CPU
		Release|Any CPU = Release|Any CPU
	EndGlobalSection
	GlobalSection(ProjectConfigurationPlatforms) = postSolution
		{3E8B35DB-791C-48B5-A6A2-4E6F99F317F4}.Debug|Any CPU.ActiveCfg = Debug|Any CPU
		{3E8B35DB-791C-48B5-A6A2-4E6F99F317F4}.Debug|Any CPU.Build.0 = Debug|Any CPU
		{3E8B35DB-791C-48B5-A6A2-4E6F99F317F4}.Release|Any CPU.ActiveCfg = Release|Any CPU
		{3E8B35DB-791C-48B5-A6A2-4E6F99F317F4}.Release|Any CPU.Build.0 = Release|Any CPU
	EndGlobalSection
	GlobalSection(SolutionProperties) = preSolution
		HideSolutionNode = FALSE
	EndGlobalSection
	GlobalSection(NestedProjects) = preSolution
		{3E8B35DB-791C-48B5-A6A2-4E6F99F317F4} = {C6548504-F19F-4E89-BEBD-14898D40C382}
	EndGlobalSection
	GlobalSection(ExtensibilityGlobals) = postSolution
		SolutionGuid = {9EF7162D-B53B-407F-8E27-F1BA3CF9AFBA}
	EndGlobalSection
EndGlobal
